
Microsoft Visual Studio Solution File, Format Version 10.00
# Visual C# Express 2008
Project("{FAE04EC0-301F-11D3-BF4B-00C04F79EFBC}") = "PathFinder", "pathFinder\PathFinder.csproj", "{B78A441C-17BB-4323-BF3B-9618C3E15ABE}"
EndProject
Project("{FAE04EC0-301F-11D3-BF4B-00C04F79EFBC}") = "SampleBased", "SampleBased\SampleBased.csproj", "{C727D54D-3FBD-4572-9652-49AB1B59916F}"
EndProject
Project("{FAE04EC0-301F-11D3-BF4B-00C04F79EFBC}") = "Simulator", "Simulator\Simulator.csproj", "{F0189E23-8839-4A33-9CA3-F4C832F57077}"
EndProject
Project("{FAE04EC0-301F-11D3-BF4B-00C04F79EFBC}") = "Mechanisms", "Mechanisms\Mechanisms.csproj", "{20ED3525-A99F-4225-8B9B-C4E356455480}"
EndProject
Project("{FAE04EC0-301F-11D3-BF4B-00C04F79EFBC}") = "Scene", "SceneRendering\Scene.csproj", "{06183F45-933B-4017-8A43-1554D3B4F43E}"
EndProject
Project("{FAE04EC0-301F-11D3-BF4B-00C04F79EFBC}") = "ContentPipelineSTLImporter", "ContentPipelineSTLImporter\ContentPipelineSTLImporter.csproj", "{F06CCA90-B3CC-452C-B7A5-A80B119F827D}"
EndProject
Global
	GlobalSection(SolutionConfigurationPlatforms) = preSolution
		Debug|Any CPU = Debug|Any CPU
		Debug|Mixed Platforms = Debug|Mixed Platforms
		Debug|x86 = Debug|x86
		Debug|Xbox 360 = Debug|Xbox 360
		Debug|Zune = Debug|Zune
		Release|Any CPU = Release|Any CPU
		Release|Mixed Platforms = Release|Mixed Platforms
		Release|x86 = Release|x86
		Release|Xbox 360 = Release|Xbox 360
		Release|Zune = Release|Zune
	EndGlobalSection
	GlobalSection(ProjectConfigurationPlatforms) = postSolution
		{B78A441C-17BB-4323-BF3B-9618C3E15ABE}.Debug|Any CPU.ActiveCfg = Debug|Any CPU
		{B78A441C-17BB-4323-BF3B-9618C3E15ABE}.Debug|Any CPU.Build.0 = Debug|Any CPU
		{B78A441C-17BB-4323-BF3B-9618C3E15ABE}.Debug|Mixed Platforms.ActiveCfg = Debug|Any CPU
		{B78A441C-17BB-4323-BF3B-9618C3E15ABE}.Debug|x86.ActiveCfg = Debug|Any CPU
		{B78A441C-17BB-4323-BF3B-9618C3E15ABE}.Debug|Xbox 360.ActiveCfg = Debug|Any CPU
		{B78A441C-17BB-4323-BF3B-9618C3E15ABE}.Debug|Zune.ActiveCfg = Debug|Any CPU
		{B78A441C-17BB-4323-BF3B-9618C3E15ABE}.Release|Any CPU.ActiveCfg = Release|Any CPU
		{B78A441C-17BB-4323-BF3B-9618C3E15ABE}.Release|Any CPU.Build.0 = Release|Any CPU
		{B78A441C-17BB-4323-BF3B-9618C3E15ABE}.Release|Mixed Platforms.ActiveCfg = Release|Any CPU
		{B78A441C-17BB-4323-BF3B-9618C3E15ABE}.Release|Mixed Platforms.Build.0 = Release|Any CPU
		{B78A441C-17BB-4323-BF3B-9618C3E15ABE}.Release|x86.ActiveCfg = Release|Any CPU
		{B78A441C-17BB-4323-BF3B-9618C3E15ABE}.Release|Xbox 360.ActiveCfg = Release|Any CPU
		{B78A441C-17BB-4323-BF3B-9618C3E15ABE}.Release|Zune.ActiveCfg = Release|Any CPU
		{C727D54D-3FBD-4572-9652-49AB1B59916F}.Debug|Any CPU.ActiveCfg = Debug|Any CPU
		{C727D54D-3FBD-4572-9652-49AB1B59916F}.Debug|Any CPU.Build.0 = Debug|Any CPU
		{C727D54D-3FBD-4572-9652-49AB1B59916F}.Debug|Mixed Platforms.ActiveCfg = Debug|Any CPU
		{C727D54D-3FBD-4572-9652-49AB1B59916F}.Debug|Mixed Platforms.Build.0 = Debug|Any CPU
		{C727D54D-3FBD-4572-9652-49AB1B59916F}.Debug|x86.ActiveCfg = Debug|Any CPU
		{C727D54D-3FBD-4572-9652-49AB1B59916F}.Debug|Xbox 360.ActiveCfg = Debug|Any CPU
		{C727D54D-3FBD-4572-9652-49AB1B59916F}.Debug|Zune.ActiveCfg = Debug|Any CPU
		{C727D54D-3FBD-4572-9652-49AB1B59916F}.Release|Any CPU.ActiveCfg = Release|Any CPU
		{C727D54D-3FBD-4572-9652-49AB1B59916F}.Release|Any CPU.Build.0 = Release|Any CPU
		{C727D54D-3FBD-4572-9652-49AB1B59916F}.Release|Mixed Platforms.ActiveCfg = Release|Any CPU
		{C727D54D-3FBD-4572-9652-49AB1B59916F}.Release|Mixed Platforms.Build.0 = Release|Any CPU
		{C727D54D-3FBD-4572-9652-49AB1B59916F}.Release|x86.ActiveCfg = Release|Any CPU
		{C727D54D-3FBD-4572-9652-49AB1B59916F}.Release|Xbox 360.ActiveCfg = Release|Any CPU
		{C727D54D-3FBD-4572-9652-49AB1B59916F}.Release|Zune.ActiveCfg = Release|Any CPU
		{F0189E23-8839-4A33-9CA3-F4C832F57077}.Debug|Any CPU.ActiveCfg = Debug|x86
		{F0189E23-8839-4A33-9CA3-F4C832F57077}.Debug|Mixed Platforms.ActiveCfg = Debug|x86
		{F0189E23-8839-4A33-9CA3-F4C832F57077}.Debug|Mixed Platforms.Build.0 = Debug|x86
		{F0189E23-8839-4A33-9CA3-F4C832F57077}.Debug|x86.ActiveCfg = Debug|x86
		{F0189E23-8839-4A33-9CA3-F4C832F57077}.Debug|x86.Build.0 = Debug|x86
		{F0189E23-8839-4A33-9CA3-F4C832F57077}.Debug|Xbox 360.ActiveCfg = Debug|x86
		{F0189E23-8839-4A33-9CA3-F4C832F57077}.Debug|Zune.ActiveCfg = Debug|x86
		{F0189E23-8839-4A33-9CA3-F4C832F57077}.Release|Any CPU.ActiveCfg = Release|x86
		{F0189E23-8839-4A33-9CA3-F4C832F57077}.Release|Mixed Platforms.ActiveCfg = Release|x86
		{F0189E23-8839-4A33-9CA3-F4C832F57077}.Release|Mixed Platforms.Build.0 = Release|x86
		{F0189E23-8839-4A33-9CA3-F4C832F57077}.Release|x86.ActiveCfg = Release|x86
		{F0189E23-8839-4A33-9CA3-F4C832F57077}.Release|x86.Build.0 = Release|x86
		{F0189E23-8839-4A33-9CA3-F4C832F57077}.Release|Xbox 360.ActiveCfg = Release|x86
		{F0189E23-8839-4A33-9CA3-F4C832F57077}.Release|Zune.ActiveCfg = Release|x86
		{20ED3525-A99F-4225-8B9B-C4E356455480}.Debug|Any CPU.ActiveCfg = Debug|x86
		{20ED3525-A99F-4225-8B9B-C4E356455480}.Debug|Mixed Platforms.ActiveCfg = Debug|x86
		{20ED3525-A99F-4225-8B9B-C4E356455480}.Debug|Mixed Platforms.Build.0 = Debug|x86
		{20ED3525-A99F-4225-8B9B-C4E356455480}.Debug|x86.ActiveCfg = Debug|x86
		{20ED3525-A99F-4225-8B9B-C4E356455480}.Debug|x86.Build.0 = Debug|x86
		{20ED3525-A99F-4225-8B9B-C4E356455480}.Debug|Xbox 360.ActiveCfg = Debug|x86
		{20ED3525-A99F-4225-8B9B-C4E356455480}.Debug|Zune.ActiveCfg = Debug|x86
		{20ED3525-A99F-4225-8B9B-C4E356455480}.Release|Any CPU.ActiveCfg = Release|x86
		{20ED3525-A99F-4225-8B9B-C4E356455480}.Release|Mixed Platforms.ActiveCfg = Release|x86
		{20ED3525-A99F-4225-8B9B-C4E356455480}.Release|Mixed Platforms.Build.0 = Release|x86
		{20ED3525-A99F-4225-8B9B-C4E356455480}.Release|x86.ActiveCfg = Release|x86
		{20ED3525-A99F-4225-8B9B-C4E356455480}.Release|x86.Build.0 = Release|x86
		{20ED3525-A99F-4225-8B9B-C4E356455480}.Release|Xbox 360.ActiveCfg = Release|x86
		{20ED3525-A99F-4225-8B9B-C4E356455480}.Release|Zune.ActiveCfg = Release|x86
		{06183F45-933B-4017-8A43-1554D3B4F43E}.Debug|Any CPU.ActiveCfg = Debug|x86
		{06183F45-933B-4017-8A43-1554D3B4F43E}.Debug|Mixed Platforms.ActiveCfg = Debug|x86
		{06183F45-933B-4017-8A43-1554D3B4F43E}.Debug|Mixed Platforms.Build.0 = Debug|x86
		{06183F45-933B-4017-8A43-1554D3B4F43E}.Debug|x86.ActiveCfg = Debug|x86
		{06183F45-933B-4017-8A43-1554D3B4F43E}.Debug|x86.Build.0 = Debug|x86
		{06183F45-933B-4017-8A43-1554D3B4F43E}.Debug|Xbox 360.ActiveCfg = Debug|x86
		{06183F45-933B-4017-8A43-1554D3B4F43E}.Debug|Zune.ActiveCfg = Debug|x86
		{06183F45-933B-4017-8A43-1554D3B4F43E}.Release|Any CPU.ActiveCfg = Release|x86
		{06183F45-933B-4017-8A43-1554D3B4F43E}.Release|Mixed Platforms.ActiveCfg = Release|x86
		{06183F45-933B-4017-8A43-1554D3B4F43E}.Release|Mixed Platforms.Build.0 = Release|x86
		{06183F45-933B-4017-8A43-1554D3B4F43E}.Release|x86.ActiveCfg = Release|x86
		{06183F45-933B-4017-8A43-1554D3B4F43E}.Release|x86.Build.0 = Release|x86
		{06183F45-933B-4017-8A43-1554D3B4F43E}.Release|Xbox 360.ActiveCfg = Release|x86
		{06183F45-933B-4017-8A43-1554D3B4F43E}.Release|Zune.ActiveCfg = Release|x86
		{EC918CA8-91B8-4FAB-A2D1-4EF8D6C3B7DE}.Debug|Any CPU.ActiveCfg = Debug|x86
		{EC918CA8-91B8-4FAB-A2D1-4EF8D6C3B7DE}.Debug|Mixed Platforms.ActiveCfg = Debug|x86
		{EC918CA8-91B8-4FAB-A2D1-4EF8D6C3B7DE}.Debug|x86.ActiveCfg = Debug|x86
		{EC918CA8-91B8-4FAB-A2D1-4EF8D6C3B7DE}.Debug|Xbox 360.ActiveCfg = Debug|x86
		{EC918CA8-91B8-4FAB-A2D1-4EF8D6C3B7DE}.Debug|Zune.ActiveCfg = Debug|x86
		{EC918CA8-91B8-4FAB-A2D1-4EF8D6C3B7DE}.Release|Any CPU.ActiveCfg = Release|x86
		{EC918CA8-91B8-4FAB-A2D1-4EF8D6C3B7DE}.Release|Mixed Platforms.ActiveCfg = Release|x86
		{EC918CA8-91B8-4FAB-A2D1-4EF8D6C3B7DE}.Release|x86.ActiveCfg = Release|x86
		{EC918CA8-91B8-4FAB-A2D1-4EF8D6C3B7DE}.Release|Xbox 360.ActiveCfg = Release|x86
		{EC918CA8-91B8-4FAB-A2D1-4EF8D6C3B7DE}.Release|Zune.ActiveCfg = Release|x86
		{67AD03E5-EAD3-42F4-B7B2-952A2AC013D6}.Debug|Any CPU.ActiveCfg = Debug|x86
		{67AD03E5-EAD3-42F4-B7B2-952A2AC013D6}.Debug|Mixed Platforms.ActiveCfg = Debug|x86
		{67AD03E5-EAD3-42F4-B7B2-952A2AC013D6}.Debug|x86.ActiveCfg = Debug|x86
		{67AD03E5-EAD3-42F4-B7B2-952A2AC013D6}.Debug|Xbox 360.ActiveCfg = Debug|x86
		{67AD03E5-EAD3-42F4-B7B2-952A2AC013D6}.Debug|Zune.ActiveCfg = Debug|x86
		{67AD03E5-EAD3-42F4-B7B2-952A2AC013D6}.Release|Any CPU.ActiveCfg = Release|x86
		{67AD03E5-EAD3-42F4-B7B2-952A2AC013D6}.Release|Mixed Platforms.ActiveCfg = Release|x86
		{67AD03E5-EAD3-42F4-B7B2-952A2AC013D6}.Release|x86.ActiveCfg = Release|x86
		{67AD03E5-EAD3-42F4-B7B2-952A2AC013D6}.Release|Xbox 360.ActiveCfg = Release|x86
		{67AD03E5-EAD3-42F4-B7B2-952A2AC013D6}.Release|Zune.ActiveCfg = Release|x86
		{B70ACCCD-A3AB-4E6A-BFC1-8CCBF9C716CA}.Debug|Any CPU.ActiveCfg = Debug|x86
		{B70ACCCD-A3AB-4E6A-BFC1-8CCBF9C716CA}.Debug|Mixed Platforms.ActiveCfg = Debug|x86
		{B70ACCCD-A3AB-4E6A-BFC1-8CCBF9C716CA}.Debug|x86.ActiveCfg = Debug|x86
		{B70ACCCD-A3AB-4E6A-BFC1-8CCBF9C716CA}.Debug|Xbox 360.ActiveCfg = Debug|x86
		{B70ACCCD-A3AB-4E6A-BFC1-8CCBF9C716CA}.Debug|Zune.ActiveCfg = Debug|x86
		{B70ACCCD-A3AB-4E6A-BFC1-8CCBF9C716CA}.Release|Any CPU.ActiveCfg = Release|x86
		{B70ACCCD-A3AB-4E6A-BFC1-8CCBF9C716CA}.Release|Mixed Platforms.ActiveCfg = Release|x86
		{B70ACCCD-A3AB-4E6A-BFC1-8CCBF9C716CA}.Release|x86.ActiveCfg = Release|x86
		{B70ACCCD-A3AB-4E6A-BFC1-8CCBF9C716CA}.Release|Xbox 360.ActiveCfg = Release|x86
		{B70ACCCD-A3AB-4E6A-BFC1-8CCBF9C716CA}.Release|Zune.ActiveCfg = Release|x86
		{F06CCA90-B3CC-452C-B7A5-A80B119F827D}.Debug|Any CPU.ActiveCfg = Debug|Zune
		{F06CCA90-B3CC-452C-B7A5-A80B119F827D}.Debug|Mixed Platforms.ActiveCfg = Debug|Zune
		{F06CCA90-B3CC-452C-B7A5-A80B119F827D}.Debug|Mixed Platforms.Build.0 = Debug|Zune
		{F06CCA90-B3CC-452C-B7A5-A80B119F827D}.Debug|x86.ActiveCfg = Debug|x86
		{F06CCA90-B3CC-452C-B7A5-A80B119F827D}.Debug|x86.Build.0 = Debug|x86
		{F06CCA90-B3CC-452C-B7A5-A80B119F827D}.Debug|Xbox 360.ActiveCfg = Debug|Xbox 360
		{F06CCA90-B3CC-452C-B7A5-A80B119F827D}.Debug|Xbox 360.Build.0 = Debug|Xbox 360
		{F06CCA90-B3CC-452C-B7A5-A80B119F827D}.Debug|Zune.ActiveCfg = Debug|Zune
		{F06CCA90-B3CC-452C-B7A5-A80B119F827D}.Debug|Zune.Build.0 = Debug|Zune
		{F06CCA90-B3CC-452C-B7A5-A80B119F827D}.Release|Any CPU.ActiveCfg = Release|Zune
		{F06CCA90-B3CC-452C-B7A5-A80B119F827D}.Release|Mixed Platforms.ActiveCfg = Release|Zune
		{F06CCA90-B3CC-452C-B7A5-A80B119F827D}.Release|Mixed Platforms.Build.0 = Release|Zune
		{F06CCA90-B3CC-452C-B7A5-A80B119F827D}.Release|x86.ActiveCfg = Release|x86
		{F06CCA90-B3CC-452C-B7A5-A80B119F827D}.Release|x86.Build.0 = Release|x86
		{F06CCA90-B3CC-452C-B7A5-A80B119F827D}.Release|Xbox 360.ActiveCfg = Release|Xbox 360
		{F06CCA90-B3CC-452C-B7A5-A80B119F827D}.Release|Xbox 360.Build.0 = Release|Xbox 360
		{F06CCA90-B3CC-452C-B7A5-A80B119F827D}.Release|Zune.ActiveCfg = Release|Zune
		{F06CCA90-B3CC-452C-B7A5-A80B119F827D}.Release|Zune.Build.0 = Release|Zune
	EndGlobalSection
	GlobalSection(SolutionProperties) = preSolution
		HideSolutionNode = FALSE
	EndGlobalSection
EndGlobal
